{
  "name": "GoLesson",
  "lockfileVersion": 2,
  "requires": true,
  "packages": {
    "": {
      "dependencies": {
        "star-rating.js": "^4.3.0"
      }
    },
    "node_modules/detect-it": {
      "version": "4.0.1",
      "resolved": "https://registry.npmjs.org/detect-it/-/detect-it-4.0.1.tgz",
      "integrity": "sha512-dg5YBTJYvogK1+dA2mBUDKzOWfYZtHVba89SyZUhc4+e3i2tzgjANFg5lDRCd3UOtRcw00vUTMK8LELcMdicug=="
    },
    "node_modules/star-rating.js": {
      "version": "4.3.0",
      "resolved": "https://registry.npmjs.org/star-rating.js/-/star-rating.js-4.3.0.tgz",
      "integrity": "sha512-uHFwdMUf1+roKvZmh+clpkOpJMrRPSxvuWdIFh4oZtPCbyfUI3xzCWqDNtX060L+wRi3AHT3ZNH7JYf05FYeKQ==",
      "dependencies": {
        "detect-it": "^4.0.0"
      }
    }
  },
  "dependencies": {
    "detect-it": {
      "version": "4.0.1",
      "resolved": "https://registry.npmjs.org/detect-it/-/detect-it-4.0.1.tgz",
      "integrity": "sha512-dg5YBTJYvogK1+dA2mBUDKzOWfYZtHVba89SyZUhc4+e3i2tzgjANFg5lDRCd3UOtRcw00vUTMK8LELcMdicug=="
    },
    "star-rating.js": {
      "version": "4.3.0",
      "resolved": "https://registry.npmjs.org/star-rating.js/-/star-rating.js-4.3.0.tgz",
      "integrity": "sha512-uHFwdMUf1+roKvZmh+clpkOpJMrRPSxvuWdIFh4oZtPCbyfUI3xzCWqDNtX060L+wRi3AHT3ZNH7JYf05FYeKQ==",
      "requires": {
        "detect-it": "^4.0.0"
      }
    }
  }
}
